
Microsoft Visual Studio Solution File, Format Version 12.00
# Visual Studio Version 17
VisualStudioVersion = 17.14.36414.22 d17.14
MinimumVisualStudioVersion = 10.0.40219.1
Project("{FAE04EC0-301F-11D3-BF4B-00C04F79EFBC}") = "MyBlog", "MyBlog\MyBlog.csproj", "{EA248AEC-6D8D-4322-906A-8118E4D2218A}"
EndProject
Global
	GlobalSection(SolutionConfigurationPlatforms) = preSolution
		Debug|Any CPU = Debug|Any CPU
		Release|Any CPU = Release|Any CPU
	EndGlobalSection
	GlobalSection(ProjectConfigurationPlatforms) = postSolution
		{EA248AEC-6D8D-4322-906A-8118E4D2218A}.Debug|Any CPU.ActiveCfg = Debug|Any CPU
		{EA248AEC-6D8D-4322-906A-8118E4D2218A}.Debug|Any CPU.Build.0 = Debug|Any CPU
		{EA248AEC-6D8D-4322-906A-8118E4D2218A}.Release|Any CPU.ActiveCfg = Release|Any CPU
		{EA248AEC-6D8D-4322-906A-8118E4D2218A}.Release|Any CPU.Build.0 = Release|Any CPU
	EndGlobalSection
	GlobalSection(SolutionProperties) = preSolution
		HideSolutionNode = FALSE
	EndGlobalSection
	GlobalSection(ExtensibilityGlobals) = postSolution
		SolutionGuid = {2CB41D71-BE9E-418C-B5B3-7DD60BA29F0D}
	EndGlobalSection
EndGlobal
